{
  "name": "buildDataset",
  "lockfileVersion": 2,
  "requires": true,
  "packages": {
    "": {
      "dependencies": {
        "@types/array-sort": "^1.0.0",
        "@types/axios": "^0.14.0",
        "@types/csv2json": "^1.4.2",
        "@types/json2csv": "^5.0.3",
        "array-sort": "^1.0.0",
        "axios": "^1.1.3",
        "csv2json": "^2.0.2",
        "fs": "^0.0.1-security",
        "json2csv": "^5.0.7",
        "moment": "^2.29.4",
        "ndjson": "^2.0.0"
      },
      "devDependencies": {
        "@types/ndjson": "^2.0.1",
        "@types/node": "^18.7.23",
        "typescript": "^4.8.4"
      }
    },
    "node_modules/@types/array-sort": {
      "version": "1.0.0",
      "resolved": "https://registry.npmjs.org/@types/array-sort/-/array-sort-1.0.0.tgz",
      "integrity": "sha512-RvlCHZdp+XAlFtVxHxG5LY3rj4GIr65FquoniYpE5/oXX22Z6w/LYt2I2sBt87V+qmltHfcySM98LdkJ/fqi7w=="
    },
    "node_modules/@types/axios": {
      "version": "0.14.0",
      "resolved": "https://registry.npmjs.org/@types/axios/-/axios-0.14.0.tgz",
      "integrity": "sha512-KqQnQbdYE54D7oa/UmYVMZKq7CO4l8DEENzOKc4aBRwxCXSlJXGz83flFx5L7AWrOQnmuN3kVsRdt+GZPPjiVQ==",
      "deprecated": "This is a stub types definition for axios (https://github.com/mzabriskie/axios). axios provides its own type definitions, so you don't need @types/axios installed!",
      "dependencies": {
        "axios": "*"
      }
    },
    "node_modules/@types/csv2json": {
      "version": "1.4.2",
      "resolved": "https://registry.npmjs.org/@types/csv2json/-/csv2json-1.4.2.tgz",
      "integrity": "sha512-yLN7biRYCmhY/8HrlSkY2kCzYQkoWW4J6AxtuTWuyixM5h57zYhZpc7n0Fx98LTtOl9/mRM26fsVfqjZAzH27A==",
      "dependencies": {
        "@types/pumpify": "*"
      }
    },
    "node_modules/@types/duplexify": {
      "version": "3.6.1",
      "resolved": "https://registry.npmjs.org/@types/duplexify/-/duplexify-3.6.1.tgz",
      "integrity": "sha512-n0zoEj/fMdMOvqbHxmqnza/kXyoGgJmEpsXjpP+gEqE1Ye4yNqc7xWipKnUoMpWhMuzJQSfK2gMrwlElly7OGQ==",
      "dependencies": {
        "@types/node": "*"
      }
    },
    "node_modules/@types/json2csv": {
      "version": "5.0.3",
      "resolved": "https://registry.npmjs.org/@types/json2csv/-/json2csv-5.0.3.tgz",
      "integrity": "sha512-ZJEv6SzhPhgpBpxZU4n/TZekbZqI4EcyXXRwms1lAITG2kIAtj85PfNYafUOY1zy8bWs5ujaub0GU4copaA0sw==",
      "dependencies": {
        "@types/node": "*"
      }
    },
    "node_modules/@types/ndjson": {
      "version": "2.0.1",
      "resolved": "https://registry.npmjs.org/@types/ndjson/-/ndjson-2.0.1.tgz",
      "integrity": "sha512-xSRLa/CtPjEo0plSQj+nMKjVBkYh5MeMwOXa1y//jFELdmy9AmVQgWKWQgZ+/XrNlAYxXtmKR8OHaizPgEpUEw==",
      "dev": true,
      "dependencies": {
        "@types/node": "*",
        "@types/through": "*"
      }
    },
    "node_modules/@types/node": {
      "version": "18.7.23",
      "resolved": "https://registry.npmjs.org/@types/node/-/node-18.7.23.tgz",
      "integrity": "sha512-DWNcCHolDq0ZKGizjx2DZjR/PqsYwAcYUJmfMWqtVU2MBMG5Mo+xFZrhGId5r/O5HOuMPyQEcM6KUBp5lBZZBg=="
    },
    "node_modules/@types/pumpify": {
      "version": "1.4.1",
      "resolved": "https://registry.npmjs.org/@types/pumpify/-/pumpify-1.4.1.tgz",
      "integrity": "sha512-l7u/Dnh1OG9T7VH6TvulR0g8oE8hgIW5409mSUKi8Vxw2+JV18aTa06Sv5bvNjrD0zbsB/cuZ/iTFQgFNfzIuw==",
      "dependencies": {
        "@types/duplexify": "*",
        "@types/node": "*"
      }
    },
    "node_modules/@types/through": {
      "version": "0.0.30",
      "resolved": "https://registry.npmjs.org/@types/through/-/through-0.0.30.tgz",
      "integrity": "sha512-FvnCJljyxhPM3gkRgWmxmDZyAQSiBQQWLI0A0VFL0K7W1oRUrPJSqNO0NvTnLkBcotdlp3lKvaT0JrnyRDkzOg==",
      "dev": true,
      "dependencies": {
        "@types/node": "*"
      }
    },
    "node_modules/ansi-regex": {
      "version": "2.1.1",
      "resolved": "https://registry.npmjs.org/ansi-regex/-/ansi-regex-2.1.1.tgz",
      "integrity": "sha512-TIGnTpdo+E3+pCyAluZvtED5p5wCqLdezCyhPZzKPcxvFplEt4i+W7OONCKgeZFT3+y5NZZfOOS/Bdcanm1MYA==",
      "engines": {
        "node": ">=0.10.0"
      }
    },
    "node_modules/ansi-styles": {
      "version": "2.2.1",
      "resolved": "https://registry.npmjs.org/ansi-styles/-/ansi-styles-2.2.1.tgz",
      "integrity": "sha512-kmCevFghRiWM7HB5zTPULl4r9bVFSWjz62MhqizDGUrq2NWuNMQyuv4tHHoKJHs69M/MF64lEcHdYIocrdWQYA==",
      "engines": {
        "node": ">=0.10.0"
      }
    },
    "node_modules/array-sort": {
      "version": "1.0.0",
      "resolved": "https://registry.npmjs.org/array-sort/-/array-sort-1.0.0.tgz",
      "integrity": "sha512-ihLeJkonmdiAsD7vpgN3CRcx2J2S0TiYW+IS/5zHBI7mKUq3ySvBdzzBfD236ubDBQFiiyG3SWCPc+msQ9KoYg==",
      "dependencies": {
        "default-compare": "^1.0.0",
        "get-value": "^2.0.6",
        "kind-of": "^5.0.2"
      },
      "engines": {
        "node": ">=0.10.0"
      }
    },
    "node_modules/asynckit": {
      "version": "0.4.0",
      "resolved": "https://registry.npmjs.org/asynckit/-/asynckit-0.4.0.tgz",
      "integrity": "sha512-Oei9OH4tRh0YqU3GxhX79dM/mwVgvbZJaSNaRk+bshkj0S5cfHcgYakreBjrHwatXKbz+IoIdYLxrKim2MjW0Q=="
    },
    "node_modules/axios": {
      "version": "1.1.3",
      "resolved": "https://registry.npmjs.org/axios/-/axios-1.1.3.tgz",
      "integrity": "sha512-00tXVRwKx/FZr/IDVFt4C+f9FYairX517WoGCL6dpOntqLkZofjhu43F/Xl44UOpqa+9sLFDrG/XAnFsUYgkDA==",
      "dependencies": {
        "follow-redirects": "^1.15.0",
        "form-data": "^4.0.0",
        "proxy-from-env": "^1.1.0"
      }
    },
    "node_modules/chalk": {
      "version": "1.1.3",
      "resolved": "https://registry.npmjs.org/chalk/-/chalk-1.1.3.tgz",
      "integrity": "sha512-U3lRVLMSlsCfjqYPbLyVv11M9CPW4I728d6TCKMAOJueEeB9/8o+eSsMnxPJD+Q+K909sdESg7C+tIkoH6on1A==",
      "dependencies": {
        "ansi-styles": "^2.2.1",
        "escape-string-regexp": "^1.0.2",
        "has-ansi": "^2.0.0",
        "strip-ansi": "^3.0.0",
        "supports-color": "^2.0.0"
      },
      "engines": {
        "node": ">=0.10.0"
      }
    },
    "node_modules/combined-stream": {
      "version": "1.0.8",
      "resolved": "https://registry.npmjs.org/combined-stream/-/combined-stream-1.0.8.tgz",
      "integrity": "sha512-FQN4MRfuJeHf7cBbBMJFXhKSDq+2kAArBlmRBvcvFE5BB1HZKXtSFASDhdlz9zOYwxh8lDdnvmMOe/+5cdoEdg==",
      "dependencies": {
        "delayed-stream": "~1.0.0"
      },
      "engines": {
        "node": ">= 0.8"
      }
    },
    "node_modules/commander": {
      "version": "6.2.1",
      "resolved": "https://registry.npmjs.org/commander/-/commander-6.2.1.tgz",
      "integrity": "sha512-U7VdrJFnJgo4xjrHpTzu0yrHPGImdsmD95ZlgYSEajAn2JKzDhDTPG9kBTefmObL2w/ngeZnilk+OV9CG3d7UA==",
      "engines": {
        "node": ">= 6"
      }
    },
    "node_modules/csv-parser": {
      "version": "2.3.5",
      "resolved": "https://registry.npmjs.org/csv-parser/-/csv-parser-2.3.5.tgz",
      "integrity": "sha512-LCHolC4AlNwL+5EuD5LH2VVNKpD8QixZW2zzK1XmrVYUaslFY4c5BooERHOCIubG9iv/DAyFjs4x0HvWNZuyWg==",
      "dependencies": {
        "minimist": "^1.2.0",
        "through2": "^3.0.1"
      },
      "bin": {
        "csv-parser": "bin/csv-parser"
      },
      "engines": {
        "node": ">= 8.16.0"
      }
    },
    "node_modules/csv2json": {
      "version": "2.0.2",
      "resolved": "https://registry.npmjs.org/csv2json/-/csv2json-2.0.2.tgz",
      "integrity": "sha512-YVZ72OehSs9+j2lME10osmJNHeI0dcHlX+qNq8xcR0T+Rt8WaOCchKiEVF3GsK4Of3z/LE64x0ba1cpULmAclw==",
      "dependencies": {
        "csv-parser": "^2.3.0",
        "exec-promise": "^0.7.0",
        "minimist": "^1.2.0",
        "promise-toolbox": "^0.14.0",
        "pump": "^3.0.0",
        "pumpify": "^2.0.0",
        "strip-bom-stream": "^4.0.0",
        "through2": "^3.0.1"
      },
      "bin": {
        "csv2json": "cli.js"
      }
    },
    "node_modules/default-compare": {
      "version": "1.0.0",
      "resolved": "https://registry.npmjs.org/default-compare/-/default-compare-1.0.0.tgz",
      "integrity": "sha512-QWfXlM0EkAbqOCbD/6HjdwT19j7WCkMyiRhWilc4H9/5h/RzTF9gv5LYh1+CmDV5d1rki6KAWLtQale0xt20eQ==",
      "dependencies": {
        "kind-of": "^5.0.2"
      },
      "engines": {
        "node": ">=0.10.0"
      }
    },
    "node_modules/delayed-stream": {
      "version": "1.0.0",
      "resolved": "https://registry.npmjs.org/delayed-stream/-/delayed-stream-1.0.0.tgz",
      "integrity": "sha512-ZySD7Nf91aLB0RxL4KGrKHBXl7Eds1DAmEdcoVawXnLD7SDhpNgtuII2aAkg7a7QS41jxPSZ17p4VdGnMHk3MQ==",
      "engines": {
        "node": ">=0.4.0"
      }
    },
    "node_modules/duplexify": {
      "version": "4.1.2",
      "resolved": "https://registry.npmjs.org/duplexify/-/duplexify-4.1.2.tgz",
      "integrity": "sha512-fz3OjcNCHmRP12MJoZMPglx8m4rrFP8rovnk4vT8Fs+aonZoCwGg10dSsQsfP/E62eZcPTMSMP6686fu9Qlqtw==",
      "dependencies": {
        "end-of-stream": "^1.4.1",
        "inherits": "^2.0.3",
        "readable-stream": "^3.1.1",
        "stream-shift": "^1.0.0"
      }
    },
    "node_modules/end-of-stream": {
      "version": "1.4.4",
      "resolved": "https://registry.npmjs.org/end-of-stream/-/end-of-stream-1.4.4.tgz",
      "integrity": "sha512-+uw1inIHVPQoaVuHzRyXd21icM+cnt4CzD5rW+NC1wjOUSTOs+Te7FOv7AhN7vS9x/oIyhLP5PR1H+phQAHu5Q==",
      "dependencies": {
        "once": "^1.4.0"
      }
    },
    "node_modules/escape-string-regexp": {
      "version": "1.0.5",
      "resolved": "https://registry.npmjs.org/escape-string-regexp/-/escape-string-regexp-1.0.5.tgz",
      "integrity": "sha512-vbRorB5FUQWvla16U8R/qgaFIya2qGzwDrNmCZuYKrbdSUMG6I1ZCGQRefkRVhuOkIGVne7BQ35DSfo1qvJqFg==",
      "engines": {
        "node": ">=0.8.0"
      }
    },
    "node_modules/exec-promise": {
      "version": "0.7.0",
      "resolved": "https://registry.npmjs.org/exec-promise/-/exec-promise-0.7.0.tgz",
      "integrity": "sha512-xrgX4GWiPNsPQrKCJ8X3VObsidav6JrWGFMgmpU2K9TSAu6Q89J+yY6kp/othYRXJ4UhmeO8jBj46ZQRr54XgA==",
      "dependencies": {
        "log-symbols": "^1.0.2"
      }
    },
    "node_modules/first-chunk-stream": {
      "version": "3.0.0",
      "resolved": "https://registry.npmjs.org/first-chunk-stream/-/first-chunk-stream-3.0.0.tgz",
      "integrity": "sha512-LNRvR4hr/S8cXXkIY5pTgVP7L3tq6LlYWcg9nWBuW7o1NMxKZo6oOVa/6GIekMGI0Iw7uC+HWimMe9u/VAeKqw==",
      "engines": {
        "node": ">=8"
      }
    },
    "node_modules/follow-redirects": {
      "version": "1.15.2",
      "resolved": "https://registry.npmjs.org/follow-redirects/-/follow-redirects-1.15.2.tgz",
      "integrity": "sha512-VQLG33o04KaQ8uYi2tVNbdrWp1QWxNNea+nmIB4EVM28v0hmP17z7aG1+wAkNzVq4KeXTq3221ye5qTJP91JwA==",
      "funding": [
        {
          "type": "individual",
          "url": "https://github.com/sponsors/RubenVerborgh"
        }
      ],
      "engines": {
        "node": ">=4.0"
      },
      "peerDependenciesMeta": {
        "debug": {
          "optional": true
        }
      }
    },
    "node_modules/form-data": {
      "version": "4.0.0",
      "resolved": "https://registry.npmjs.org/form-data/-/form-data-4.0.0.tgz",
      "integrity": "sha512-ETEklSGi5t0QMZuiXoA/Q6vcnxcLQP5vdugSpuAyi6SVGi2clPPp+xgEhuMaHC+zGgn31Kd235W35f7Hykkaww==",
      "dependencies": {
        "asynckit": "^0.4.0",
        "combined-stream": "^1.0.8",
        "mime-types": "^2.1.12"
      },
      "engines": {
        "node": ">= 6"
      }
    },
    "node_modules/fs": {
      "version": "0.0.1-security",
      "resolved": "https://registry.npmjs.org/fs/-/fs-0.0.1-security.tgz",
      "integrity": "sha512-3XY9e1pP0CVEUCdj5BmfIZxRBTSDycnbqhIOGec9QYtmVH2fbLpj86CFWkrNOkt/Fvty4KZG5lTglL9j/gJ87w=="
    },
    "node_modules/get-value": {
      "version": "2.0.6",
      "resolved": "https://registry.npmjs.org/get-value/-/get-value-2.0.6.tgz",
      "integrity": "sha512-Ln0UQDlxH1BapMu3GPtf7CuYNwRZf2gwCuPqbyG6pB8WfmFpzqcy4xtAaAMUhnNqjMKTiCPZG2oMT3YSx8U2NA==",
      "engines": {
        "node": ">=0.10.0"
      }
    },
    "node_modules/has-ansi": {
      "version": "2.0.0",
      "resolved": "https://registry.npmjs.org/has-ansi/-/has-ansi-2.0.0.tgz",
      "integrity": "sha512-C8vBJ8DwUCx19vhm7urhTuUsr4/IyP6l4VzNQDv+ryHQObW3TTTp9yB68WpYgRe2bbaGuZ/se74IqFeVnMnLZg==",
      "dependencies": {
        "ansi-regex": "^2.0.0"
      },
      "engines": {
        "node": ">=0.10.0"
      }
    },
    "node_modules/inherits": {
      "version": "2.0.4",
      "resolved": "https://registry.npmjs.org/inherits/-/inherits-2.0.4.tgz",
      "integrity": "sha512-k/vGaX4/Yla3WzyMCvTQOXYeIHvqOKtnqBduzTHpzpQZzAskKMhZ2K+EnBiSM9zGSoIFeMpXKxa4dYeZIQqewQ=="
    },
    "node_modules/is-utf8": {
      "version": "0.2.1",
      "resolved": "https://registry.npmjs.org/is-utf8/-/is-utf8-0.2.1.tgz",
      "integrity": "sha512-rMYPYvCzsXywIsldgLaSoPlw5PfoB/ssr7hY4pLfcodrA5M/eArza1a9VmTiNIBNMjOGr1Ow9mTyU2o69U6U9Q=="
    },
    "node_modules/json-stringify-safe": {
      "version": "5.0.1",
      "resolved": "https://registry.npmjs.org/json-stringify-safe/-/json-stringify-safe-5.0.1.tgz",
      "integrity": "sha512-ZClg6AaYvamvYEE82d3Iyd3vSSIjQ+odgjaTzRuO3s7toCdFKczob2i0zCh7JE8kWn17yvAWhUVxvqGwUalsRA=="
    },
    "node_modules/json2csv": {
      "version": "5.0.7",
      "resolved": "https://registry.npmjs.org/json2csv/-/json2csv-5.0.7.tgz",
      "integrity": "sha512-YRZbUnyaJZLZUJSRi2G/MqahCyRv9n/ds+4oIetjDF3jWQA7AG7iSeKTiZiCNqtMZM7HDyt0e/W6lEnoGEmMGA==",
      "dependencies": {
        "commander": "^6.1.0",
        "jsonparse": "^1.3.1",
        "lodash.get": "^4.4.2"
      },
      "bin": {
        "json2csv": "bin/json2csv.js"
      },
      "engines": {
        "node": ">= 10",
        "npm": ">= 6.13.0"
      }
    },
    "node_modules/jsonparse": {
      "version": "1.3.1",
      "resolved": "https://registry.npmjs.org/jsonparse/-/jsonparse-1.3.1.tgz",
      "integrity": "sha512-POQXvpdL69+CluYsillJ7SUhKvytYjW9vG/GKpnf+xP8UWgYEM/RaMzHHofbALDiKbbP1W8UEYmgGl39WkPZsg==",
      "engines": [
        "node >= 0.2.0"
      ]
    },
    "node_modules/kind-of": {
      "version": "5.1.0",
      "resolved": "https://registry.npmjs.org/kind-of/-/kind-of-5.1.0.tgz",
      "integrity": "sha512-NGEErnH6F2vUuXDh+OlbcKW7/wOcfdRHaZ7VWtqCztfHri/++YKmP51OdWeGPuqCOba6kk2OTe5d02VmTB80Pw==",
      "engines": {
        "node": ">=0.10.0"
      }
    },
    "node_modules/lodash.get": {
      "version": "4.4.2",
      "resolved": "https://registry.npmjs.org/lodash.get/-/lodash.get-4.4.2.tgz",
      "integrity": "sha512-z+Uw/vLuy6gQe8cfaFWD7p0wVv8fJl3mbzXh33RS+0oW2wvUqiRXiQ69gLWSLpgB5/6sU+r6BlQR0MBILadqTQ=="
    },
    "node_modules/log-symbols": {
      "version": "1.0.2",
      "resolved": "https://registry.npmjs.org/log-symbols/-/log-symbols-1.0.2.tgz",
      "integrity": "sha512-mmPrW0Fh2fxOzdBbFv4g1m6pR72haFLPJ2G5SJEELf1y+iaQrDG6cWCPjy54RHYbZAt7X+ls690Kw62AdWXBzQ==",
      "dependencies": {
        "chalk": "^1.0.0"
      },
      "engines": {
        "node": ">=0.10.0"
      }
    },
    "node_modules/make-error": {
      "version": "1.3.6",
      "resolved": "https://registry.npmjs.org/make-error/-/make-error-1.3.6.tgz",
      "integrity": "sha512-s8UhlNe7vPKomQhC1qFelMokr/Sc3AgNbso3n74mVPA5LTZwkB9NlXf4XPamLxJE8h0gh73rM94xvwRT2CVInw=="
    },
    "node_modules/mime-db": {
      "version": "1.52.0",
      "resolved": "https://registry.npmjs.org/mime-db/-/mime-db-1.52.0.tgz",
      "integrity": "sha512-sPU4uV7dYlvtWJxwwxHD0PuihVNiE7TyAbQ5SWxDCB9mUYvOgroQOwYQQOKPJ8CIbE+1ETVlOoK1UC2nU3gYvg==",
      "engines": {
        "node": ">= 0.6"
      }
    },
    "node_modules/mime-types": {
      "version": "2.1.35",
      "resolved": "https://registry.npmjs.org/mime-types/-/mime-types-2.1.35.tgz",
      "integrity": "sha512-ZDY+bPm5zTTF+YpCrAU9nK0UgICYPT0QtT1NZWFv4s++TNkcgVaT0g6+4R2uI4MjQjzysHB1zxuWL50hzaeXiw==",
      "dependencies": {
        "mime-db": "1.52.0"
      },
      "engines": {
        "node": ">= 0.6"
      }
    },
    "node_modules/minimist": {
      "version": "1.2.7",
      "resolved": "https://registry.npmjs.org/minimist/-/minimist-1.2.7.tgz",
      "integrity": "sha512-bzfL1YUZsP41gmu/qjrEk0Q6i2ix/cVeAhbCbqH9u3zYutS1cLg00qhrD0M2MVdCcx4Sc0UpP2eBWo9rotpq6g==",
      "funding": {
        "url": "https://github.com/sponsors/ljharb"
      }
    },
    "node_modules/moment": {
      "version": "2.29.4",
      "resolved": "https://registry.npmjs.org/moment/-/moment-2.29.4.tgz",
      "integrity": "sha512-5LC9SOxjSc2HF6vO2CyuTDNivEdoz2IvyJJGj6X8DJ0eFyfszE0QiEd+iXmBvUP3WHxSjFH/vIsA0EN00cgr8w==",
      "engines": {
        "node": "*"
      }
    },
    "node_modules/ndjson": {
      "version": "2.0.0",
      "resolved": "https://registry.npmjs.org/ndjson/-/ndjson-2.0.0.tgz",
      "integrity": "sha512-nGl7LRGrzugTtaFcJMhLbpzJM6XdivmbkdlaGcrk/LXg2KL/YBC6z1g70xh0/al+oFuVFP8N8kiWRucmeEH/qQ==",
      "dependencies": {
        "json-stringify-safe": "^5.0.1",
        "minimist": "^1.2.5",
        "readable-stream": "^3.6.0",
        "split2": "^3.0.0",
        "through2": "^4.0.0"
      },
      "bin": {
        "ndjson": "cli.js"
      },
      "engines": {
        "node": ">=10"
      }
    },
    "node_modules/ndjson/node_modules/through2": {
      "version": "4.0.2",
      "resolved": "https://registry.npmjs.org/through2/-/through2-4.0.2.tgz",
      "integrity": "sha512-iOqSav00cVxEEICeD7TjLB1sueEL+81Wpzp2bY17uZjZN0pWZPuo4suZ/61VujxmqSGFfgOcNuTZ85QJwNZQpw==",
      "dependencies": {
        "readable-stream": "3"
      }
    },
    "node_modules/once": {
      "version": "1.4.0",
      "resolved": "https://registry.npmjs.org/once/-/once-1.4.0.tgz",
      "integrity": "sha512-lNaJgI+2Q5URQBkccEKHTQOPaXdUxnZZElQTZY0MFUAuaEqe1E+Nyvgdz/aIyNi6Z9MzO5dv1H8n58/GELp3+w==",
      "dependencies": {
        "wrappy": "1"
      }
    },
    "node_modules/promise-toolbox": {
      "version": "0.14.0",
      "resolved": "https://registry.npmjs.org/promise-toolbox/-/promise-toolbox-0.14.0.tgz",
      "integrity": "sha512-VV5lXK4lXaPB9oBO50ope1qd0AKN8N3nK14jYvV9/qFmfZW2Px/bJjPZBniGjXcIJf6J5Y/coNgJtPHDyiUV/g==",
      "dependencies": {
        "make-error": "^1.3.2"
      },
      "engines": {
        "node": ">=4"
      }
    },
    "node_modules/proxy-from-env": {
      "version": "1.1.0",
      "resolved": "https://registry.npmjs.org/proxy-from-env/-/proxy-from-env-1.1.0.tgz",
      "integrity": "sha512-D+zkORCbA9f1tdWRK0RaCR3GPv50cMxcrz4X8k5LTSUD1Dkw47mKJEZQNunItRTkWwgtaUSo1RVFRIG9ZXiFYg=="
    },
    "node_modules/pump": {
      "version": "3.0.0",
      "resolved": "https://registry.npmjs.org/pump/-/pump-3.0.0.tgz",
      "integrity": "sha512-LwZy+p3SFs1Pytd/jYct4wpv49HiYCqd9Rlc5ZVdk0V+8Yzv6jR5Blk3TRmPL1ft69TxP0IMZGJ+WPFU2BFhww==",
      "dependencies": {
        "end-of-stream": "^1.1.0",
        "once": "^1.3.1"
      }
    },
    "node_modules/pumpify": {
      "version": "2.0.1",
      "resolved": "https://registry.npmjs.org/pumpify/-/pumpify-2.0.1.tgz",
      "integrity": "sha512-m7KOje7jZxrmutanlkS1daj1dS6z6BgslzOXmcSEpIlCxM3VJH7lG5QLeck/6hgF6F4crFf01UtQmNsJfweTAw==",
      "dependencies": {
        "duplexify": "^4.1.1",
        "inherits": "^2.0.3",
        "pump": "^3.0.0"
      }
    },
    "node_modules/readable-stream": {
      "version": "3.6.0",
      "resolved": "https://registry.npmjs.org/readable-stream/-/readable-stream-3.6.0.tgz",
      "integrity": "sha512-BViHy7LKeTz4oNnkcLJ+lVSL6vpiFeX6/d3oSH8zCW7UxP2onchk+vTGB143xuFjHS3deTgkKoXXymXqymiIdA==",
      "dependencies": {
        "inherits": "^2.0.3",
        "string_decoder": "^1.1.1",
        "util-deprecate": "^1.0.1"
      },
      "engines": {
        "node": ">= 6"
      }
    },
    "node_modules/safe-buffer": {
      "version": "5.2.1",
      "resolved": "https://registry.npmjs.org/safe-buffer/-/safe-buffer-5.2.1.tgz",
      "integrity": "sha512-rp3So07KcdmmKbGvgaNxQSJr7bGVSVk5S9Eq1F+ppbRo70+YeaDxkw5Dd8NPN+GD6bjnYm2VuPuCXmpuYvmCXQ==",
      "funding": [
        {
          "type": "github",
          "url": "https://github.com/sponsors/feross"
        },
        {
          "type": "patreon",
          "url": "https://www.patreon.com/feross"
        },
        {
          "type": "consulting",
          "url": "https://feross.org/support"
        }
      ]
    },
    "node_modules/split2": {
      "version": "3.2.2",
      "resolved": "https://registry.npmjs.org/split2/-/split2-3.2.2.tgz",
      "integrity": "sha512-9NThjpgZnifTkJpzTZ7Eue85S49QwpNhZTq6GRJwObb6jnLFNGB7Qm73V5HewTROPyxD0C29xqmaI68bQtV+hg==",
      "dependencies": {
        "readable-stream": "^3.0.0"
      }
    },
    "node_modules/stream-shift": {
      "version": "1.0.1",
      "resolved": "https://registry.npmjs.org/stream-shift/-/stream-shift-1.0.1.tgz",
      "integrity": "sha512-AiisoFqQ0vbGcZgQPY1cdP2I76glaVA/RauYR4G4thNFgkTqr90yXTo4LYX60Jl+sIlPNHHdGSwo01AvbKUSVQ=="
    },
    "node_modules/string_decoder": {
      "version": "1.3.0",
      "resolved": "https://registry.npmjs.org/string_decoder/-/string_decoder-1.3.0.tgz",
      "integrity": "sha512-hkRX8U1WjJFd8LsDJ2yQ/wWWxaopEsABU1XfkM8A+j0+85JAGppt16cr1Whg6KIbb4okU6Mql6BOj+uup/wKeA==",
      "dependencies": {
        "safe-buffer": "~5.2.0"
      }
    },
    "node_modules/strip-ansi": {
      "version": "3.0.1",
      "resolved": "https://registry.npmjs.org/strip-ansi/-/strip-ansi-3.0.1.tgz",
      "integrity": "sha512-VhumSSbBqDTP8p2ZLKj40UjBCV4+v8bUSEpUb4KjRgWk9pbqGF4REFj6KEagidb2f/M6AzC0EmFyDNGaw9OCzg==",
      "dependencies": {
        "ansi-regex": "^2.0.0"
      },
      "engines": {
        "node": ">=0.10.0"
      }
    },
    "node_modules/strip-bom-buf": {
      "version": "2.0.0",
      "resolved": "https://registry.npmjs.org/strip-bom-buf/-/strip-bom-buf-2.0.0.tgz",
      "integrity": "sha512-gLFNHucd6gzb8jMsl5QmZ3QgnUJmp7qn4uUSHNwEXumAp7YizoGYw19ZUVfuq4aBOQUtyn2k8X/CwzWB73W2lQ==",
      "dependencies": {
        "is-utf8": "^0.2.1"
      },
      "engines": {
        "node": ">=8"
      }
    },
    "node_modules/strip-bom-stream": {
      "version": "4.0.0",
      "resolved": "https://registry.npmjs.org/strip-bom-stream/-/strip-bom-stream-4.0.0.tgz",
      "integrity": "sha512-0ApK3iAkHv6WbgLICw/J4nhwHeDZsBxIIsOD+gHgZICL6SeJ0S9f/WZqemka9cjkTyMN5geId6e8U5WGFAn3cQ==",
      "dependencies": {
        "first-chunk-stream": "^3.0.0",
        "strip-bom-buf": "^2.0.0"
      },
      "engines": {
        "node": ">=8"
      }
    },
    "node_modules/supports-color": {
      "version": "2.0.0",
      "resolved": "https://registry.npmjs.org/supports-color/-/supports-color-2.0.0.tgz",
      "integrity": "sha512-KKNVtd6pCYgPIKU4cp2733HWYCpplQhddZLBUryaAHou723x+FRzQ5Df824Fj+IyyuiQTRoub4SnIFfIcrp70g==",
      "engines": {
        "node": ">=0.8.0"
      }
    },
    "node_modules/through2": {
      "version": "3.0.2",
      "resolved": "https://registry.npmjs.org/through2/-/through2-3.0.2.tgz",
      "integrity": "sha512-enaDQ4MUyP2W6ZyT6EsMzqBPZaM/avg8iuo+l2d3QCs0J+6RaqkHV/2/lOwDTueBHeJ/2LG9lrLW3d5rWPucuQ==",
      "dependencies": {
        "inherits": "^2.0.4",
        "readable-stream": "2 || 3"
      }
    },
    "node_modules/typescript": {
      "version": "4.8.4",
      "resolved": "https://registry.npmjs.org/typescript/-/typescript-4.8.4.tgz",
      "integrity": "sha512-QCh+85mCy+h0IGff8r5XWzOVSbBO+KfeYrMQh7NJ58QujwcE22u+NUSmUxqF+un70P9GXKxa2HCNiTTMJknyjQ==",
      "dev": true,
      "bin": {
        "tsc": "bin/tsc",
        "tsserver": "bin/tsserver"
      },
      "engines": {
        "node": ">=4.2.0"
      }
    },
    "node_modules/util-deprecate": {
      "version": "1.0.2",
      "resolved": "https://registry.npmjs.org/util-deprecate/-/util-deprecate-1.0.2.tgz",
      "integrity": "sha512-EPD5q1uXyFxJpCrLnCc1nHnq3gOa6DZBocAIiI2TaSCA7VCJ1UJDMagCzIkXNsUYfD1daK//LTEQ8xiIbrHtcw=="
    },
    "node_modules/wrappy": {
      "version": "1.0.2",
      "resolved": "https://registry.npmjs.org/wrappy/-/wrappy-1.0.2.tgz",
      "integrity": "sha512-l4Sp/DRseor9wL6EvV2+TuQn63dMkPjZ/sp9XkghTEbV9KlPS1xUsZ3u7/IQO4wxtcFB4bgpQPRcR3QCvezPcQ=="
    }
  },
  "dependencies": {
    "@types/array-sort": {
      "version": "1.0.0",
      "resolved": "https://registry.npmjs.org/@types/array-sort/-/array-sort-1.0.0.tgz",
      "integrity": "sha512-RvlCHZdp+XAlFtVxHxG5LY3rj4GIr65FquoniYpE5/oXX22Z6w/LYt2I2sBt87V+qmltHfcySM98LdkJ/fqi7w=="
    },
    "@types/axios": {
      "version": "0.14.0",
      "resolved": "https://registry.npmjs.org/@types/axios/-/axios-0.14.0.tgz",
      "integrity": "sha512-KqQnQbdYE54D7oa/UmYVMZKq7CO4l8DEENzOKc4aBRwxCXSlJXGz83flFx5L7AWrOQnmuN3kVsRdt+GZPPjiVQ==",
      "requires": {
        "axios": "*"
      }
    },
    "@types/csv2json": {
      "version": "1.4.2",
      "resolved": "https://registry.npmjs.org/@types/csv2json/-/csv2json-1.4.2.tgz",
      "integrity": "sha512-yLN7biRYCmhY/8HrlSkY2kCzYQkoWW4J6AxtuTWuyixM5h57zYhZpc7n0Fx98LTtOl9/mRM26fsVfqjZAzH27A==",
      "requires": {
        "@types/pumpify": "*"
      }
    },
    "@types/duplexify": {
      "version": "3.6.1",
      "resolved": "https://registry.npmjs.org/@types/duplexify/-/duplexify-3.6.1.tgz",
      "integrity": "sha512-n0zoEj/fMdMOvqbHxmqnza/kXyoGgJmEpsXjpP+gEqE1Ye4yNqc7xWipKnUoMpWhMuzJQSfK2gMrwlElly7OGQ==",
      "requires": {
        "@types/node": "*"
      }
    },
    "@types/json2csv": {
      "version": "5.0.3",
      "resolved": "https://registry.npmjs.org/@types/json2csv/-/json2csv-5.0.3.tgz",
      "integrity": "sha512-ZJEv6SzhPhgpBpxZU4n/TZekbZqI4EcyXXRwms1lAITG2kIAtj85PfNYafUOY1zy8bWs5ujaub0GU4copaA0sw==",
      "requires": {
        "@types/node": "*"
      }
    },
    "@types/ndjson": {
      "version": "2.0.1",
      "resolved": "https://registry.npmjs.org/@types/ndjson/-/ndjson-2.0.1.tgz",
      "integrity": "sha512-xSRLa/CtPjEo0plSQj+nMKjVBkYh5MeMwOXa1y//jFELdmy9AmVQgWKWQgZ+/XrNlAYxXtmKR8OHaizPgEpUEw==",
      "dev": true,
      "requires": {
        "@types/node": "*",
        "@types/through": "*"
      }
    },
    "@types/node": {
      "version": "18.7.23",
      "resolved": "https://registry.npmjs.org/@types/node/-/node-18.7.23.tgz",
      "integrity": "sha512-DWNcCHolDq0ZKGizjx2DZjR/PqsYwAcYUJmfMWqtVU2MBMG5Mo+xFZrhGId5r/O5HOuMPyQEcM6KUBp5lBZZBg=="
    },
    "@types/pumpify": {
      "version": "1.4.1",
      "resolved": "https://registry.npmjs.org/@types/pumpify/-/pumpify-1.4.1.tgz",
      "integrity": "sha512-l7u/Dnh1OG9T7VH6TvulR0g8oE8hgIW5409mSUKi8Vxw2+JV18aTa06Sv5bvNjrD0zbsB/cuZ/iTFQgFNfzIuw==",
      "requires": {
        "@types/duplexify": "*",
        "@types/node": "*"
      }
    },
    "@types/through": {
      "version": "0.0.30",
      "resolved": "https://registry.npmjs.org/@types/through/-/through-0.0.30.tgz",
      "integrity": "sha512-FvnCJljyxhPM3gkRgWmxmDZyAQSiBQQWLI0A0VFL0K7W1oRUrPJSqNO0NvTnLkBcotdlp3lKvaT0JrnyRDkzOg==",
      "dev": true,
      "requires": {
        "@types/node": "*"
      }
    },
    "ansi-regex": {
      "version": "2.1.1",
      "resolved": "https://registry.npmjs.org/ansi-regex/-/ansi-regex-2.1.1.tgz",
      "integrity": "sha512-TIGnTpdo+E3+pCyAluZvtED5p5wCqLdezCyhPZzKPcxvFplEt4i+W7OONCKgeZFT3+y5NZZfOOS/Bdcanm1MYA=="
    },
    "ansi-styles": {
      "version": "2.2.1",
      "resolved": "https://registry.npmjs.org/ansi-styles/-/ansi-styles-2.2.1.tgz",
      "integrity": "sha512-kmCevFghRiWM7HB5zTPULl4r9bVFSWjz62MhqizDGUrq2NWuNMQyuv4tHHoKJHs69M/MF64lEcHdYIocrdWQYA=="
    },
    "array-sort": {
      "version": "1.0.0",
      "resolved": "https://registry.npmjs.org/array-sort/-/array-sort-1.0.0.tgz",
      "integrity": "sha512-ihLeJkonmdiAsD7vpgN3CRcx2J2S0TiYW+IS/5zHBI7mKUq3ySvBdzzBfD236ubDBQFiiyG3SWCPc+msQ9KoYg==",
      "requires": {
        "default-compare": "^1.0.0",
        "get-value": "^2.0.6",
        "kind-of": "^5.0.2"
      }
    },
    "asynckit": {
      "version": "0.4.0",
      "resolved": "https://registry.npmjs.org/asynckit/-/asynckit-0.4.0.tgz",
      "integrity": "sha512-Oei9OH4tRh0YqU3GxhX79dM/mwVgvbZJaSNaRk+bshkj0S5cfHcgYakreBjrHwatXKbz+IoIdYLxrKim2MjW0Q=="
    },
    "axios": {
      "version": "1.1.3",
      "resolved": "https://registry.npmjs.org/axios/-/axios-1.1.3.tgz",
      "integrity": "sha512-00tXVRwKx/FZr/IDVFt4C+f9FYairX517WoGCL6dpOntqLkZofjhu43F/Xl44UOpqa+9sLFDrG/XAnFsUYgkDA==",
      "requires": {
        "follow-redirects": "^1.15.0",
        "form-data": "^4.0.0",
        "proxy-from-env": "^1.1.0"
      }
    },
    "chalk": {
      "version": "1.1.3",
      "resolved": "https://registry.npmjs.org/chalk/-/chalk-1.1.3.tgz",
      "integrity": "sha512-U3lRVLMSlsCfjqYPbLyVv11M9CPW4I728d6TCKMAOJueEeB9/8o+eSsMnxPJD+Q+K909sdESg7C+tIkoH6on1A==",
      "requires": {
        "ansi-styles": "^2.2.1",
        "escape-string-regexp": "^1.0.2",
        "has-ansi": "^2.0.0",
        "strip-ansi": "^3.0.0",
        "supports-color": "^2.0.0"
      }
    },
    "combined-stream": {
      "version": "1.0.8",
      "resolved": "https://registry.npmjs.org/combined-stream/-/combined-stream-1.0.8.tgz",
      "integrity": "sha512-FQN4MRfuJeHf7cBbBMJFXhKSDq+2kAArBlmRBvcvFE5BB1HZKXtSFASDhdlz9zOYwxh8lDdnvmMOe/+5cdoEdg==",
      "requires": {
        "delayed-stream": "~1.0.0"
      }
    },
    "commander": {
      "version": "6.2.1",
      "resolved": "https://registry.npmjs.org/commander/-/commander-6.2.1.tgz",
      "integrity": "sha512-U7VdrJFnJgo4xjrHpTzu0yrHPGImdsmD95ZlgYSEajAn2JKzDhDTPG9kBTefmObL2w/ngeZnilk+OV9CG3d7UA=="
    },
    "csv-parser": {
      "version": "2.3.5",
      "resolved": "https://registry.npmjs.org/csv-parser/-/csv-parser-2.3.5.tgz",
      "integrity": "sha512-LCHolC4AlNwL+5EuD5LH2VVNKpD8QixZW2zzK1XmrVYUaslFY4c5BooERHOCIubG9iv/DAyFjs4x0HvWNZuyWg==",
      "requires": {
        "minimist": "^1.2.0",
        "through2": "^3.0.1"
      }
    },
    "csv2json": {
      "version": "2.0.2",
      "resolved": "https://registry.npmjs.org/csv2json/-/csv2json-2.0.2.tgz",
      "integrity": "sha512-YVZ72OehSs9+j2lME10osmJNHeI0dcHlX+qNq8xcR0T+Rt8WaOCchKiEVF3GsK4Of3z/LE64x0ba1cpULmAclw==",
      "requires": {
        "csv-parser": "^2.3.0",
        "exec-promise": "^0.7.0",
        "minimist": "^1.2.0",
        "promise-toolbox": "^0.14.0",
        "pump": "^3.0.0",
        "pumpify": "^2.0.0",
        "strip-bom-stream": "^4.0.0",
        "through2": "^3.0.1"
      }
    },
    "default-compare": {
      "version": "1.0.0",
      "resolved": "https://registry.npmjs.org/default-compare/-/default-compare-1.0.0.tgz",
      "integrity": "sha512-QWfXlM0EkAbqOCbD/6HjdwT19j7WCkMyiRhWilc4H9/5h/RzTF9gv5LYh1+CmDV5d1rki6KAWLtQale0xt20eQ==",
      "requires": {
        "kind-of": "^5.0.2"
      }
    },
    "delayed-stream": {
      "version": "1.0.0",
      "resolved": "https://registry.npmjs.org/delayed-stream/-/delayed-stream-1.0.0.tgz",
      "integrity": "sha512-ZySD7Nf91aLB0RxL4KGrKHBXl7Eds1DAmEdcoVawXnLD7SDhpNgtuII2aAkg7a7QS41jxPSZ17p4VdGnMHk3MQ=="
    },
    "duplexify": {
      "version": "4.1.2",
      "resolved": "https://registry.npmjs.org/duplexify/-/duplexify-4.1.2.tgz",
      "integrity": "sha512-fz3OjcNCHmRP12MJoZMPglx8m4rrFP8rovnk4vT8Fs+aonZoCwGg10dSsQsfP/E62eZcPTMSMP6686fu9Qlqtw==",
      "requires": {
        "end-of-stream": "^1.4.1",
        "inherits": "^2.0.3",
        "readable-stream": "^3.1.1",
        "stream-shift": "^1.0.0"
      }
    },
    "end-of-stream": {
      "version": "1.4.4",
      "resolved": "https://registry.npmjs.org/end-of-stream/-/end-of-stream-1.4.4.tgz",
      "integrity": "sha512-+uw1inIHVPQoaVuHzRyXd21icM+cnt4CzD5rW+NC1wjOUSTOs+Te7FOv7AhN7vS9x/oIyhLP5PR1H+phQAHu5Q==",
      "requires": {
        "once": "^1.4.0"
      }
    },
    "escape-string-regexp": {
      "version": "1.0.5",
      "resolved": "https://registry.npmjs.org/escape-string-regexp/-/escape-string-regexp-1.0.5.tgz",
      "integrity": "sha512-vbRorB5FUQWvla16U8R/qgaFIya2qGzwDrNmCZuYKrbdSUMG6I1ZCGQRefkRVhuOkIGVne7BQ35DSfo1qvJqFg=="
    },
    "exec-promise": {
      "version": "0.7.0",
      "resolved": "https://registry.npmjs.org/exec-promise/-/exec-promise-0.7.0.tgz",
      "integrity": "sha512-xrgX4GWiPNsPQrKCJ8X3VObsidav6JrWGFMgmpU2K9TSAu6Q89J+yY6kp/othYRXJ4UhmeO8jBj46ZQRr54XgA==",
      "requires": {
        "log-symbols": "^1.0.2"
      }
    },
    "first-chunk-stream": {
      "version": "3.0.0",
      "resolved": "https://registry.npmjs.org/first-chunk-stream/-/first-chunk-stream-3.0.0.tgz",
      "integrity": "sha512-LNRvR4hr/S8cXXkIY5pTgVP7L3tq6LlYWcg9nWBuW7o1NMxKZo6oOVa/6GIekMGI0Iw7uC+HWimMe9u/VAeKqw=="
    },
    "follow-redirects": {
      "version": "1.15.2",
      "resolved": "https://registry.npmjs.org/follow-redirects/-/follow-redirects-1.15.2.tgz",
      "integrity": "sha512-VQLG33o04KaQ8uYi2tVNbdrWp1QWxNNea+nmIB4EVM28v0hmP17z7aG1+wAkNzVq4KeXTq3221ye5qTJP91JwA=="
    },
    "form-data": {
      "version": "4.0.0",
      "resolved": "https://registry.npmjs.org/form-data/-/form-data-4.0.0.tgz",
      "integrity": "sha512-ETEklSGi5t0QMZuiXoA/Q6vcnxcLQP5vdugSpuAyi6SVGi2clPPp+xgEhuMaHC+zGgn31Kd235W35f7Hykkaww==",
      "requires": {
        "asynckit": "^0.4.0",
        "combined-stream": "^1.0.8",
        "mime-types": "^2.1.12"
      }
    },
    "fs": {
      "version": "0.0.1-security",
      "resolved": "https://registry.npmjs.org/fs/-/fs-0.0.1-security.tgz",
      "integrity": "sha512-3XY9e1pP0CVEUCdj5BmfIZxRBTSDycnbqhIOGec9QYtmVH2fbLpj86CFWkrNOkt/Fvty4KZG5lTglL9j/gJ87w=="
    },
    "get-value": {
      "version": "2.0.6",
      "resolved": "https://registry.npmjs.org/get-value/-/get-value-2.0.6.tgz",
      "integrity": "sha512-Ln0UQDlxH1BapMu3GPtf7CuYNwRZf2gwCuPqbyG6pB8WfmFpzqcy4xtAaAMUhnNqjMKTiCPZG2oMT3YSx8U2NA=="
    },
    "has-ansi": {
      "version": "2.0.0",
      "resolved": "https://registry.npmjs.org/has-ansi/-/has-ansi-2.0.0.tgz",
      "integrity": "sha512-C8vBJ8DwUCx19vhm7urhTuUsr4/IyP6l4VzNQDv+ryHQObW3TTTp9yB68WpYgRe2bbaGuZ/se74IqFeVnMnLZg==",
      "requires": {
        "ansi-regex": "^2.0.0"
      }
    },
    "inherits": {
      "version": "2.0.4",
      "resolved": "https://registry.npmjs.org/inherits/-/inherits-2.0.4.tgz",
      "integrity": "sha512-k/vGaX4/Yla3WzyMCvTQOXYeIHvqOKtnqBduzTHpzpQZzAskKMhZ2K+EnBiSM9zGSoIFeMpXKxa4dYeZIQqewQ=="
    },
    "is-utf8": {
      "version": "0.2.1",
      "resolved": "https://registry.npmjs.org/is-utf8/-/is-utf8-0.2.1.tgz",
      "integrity": "sha512-rMYPYvCzsXywIsldgLaSoPlw5PfoB/ssr7hY4pLfcodrA5M/eArza1a9VmTiNIBNMjOGr1Ow9mTyU2o69U6U9Q=="
    },
    "json-stringify-safe": {
      "version": "5.0.1",
      "resolved": "https://registry.npmjs.org/json-stringify-safe/-/json-stringify-safe-5.0.1.tgz",
      "integrity": "sha512-ZClg6AaYvamvYEE82d3Iyd3vSSIjQ+odgjaTzRuO3s7toCdFKczob2i0zCh7JE8kWn17yvAWhUVxvqGwUalsRA=="
    },
    "json2csv": {
      "version": "5.0.7",
      "resolved": "https://registry.npmjs.org/json2csv/-/json2csv-5.0.7.tgz",
      "integrity": "sha512-YRZbUnyaJZLZUJSRi2G/MqahCyRv9n/ds+4oIetjDF3jWQA7AG7iSeKTiZiCNqtMZM7HDyt0e/W6lEnoGEmMGA==",
      "requires": {
        "commander": "^6.1.0",
        "jsonparse": "^1.3.1",
        "lodash.get": "^4.4.2"
      }
    },
    "jsonparse": {
      "version": "1.3.1",
      "resolved": "https://registry.npmjs.org/jsonparse/-/jsonparse-1.3.1.tgz",
      "integrity": "sha512-POQXvpdL69+CluYsillJ7SUhKvytYjW9vG/GKpnf+xP8UWgYEM/RaMzHHofbALDiKbbP1W8UEYmgGl39WkPZsg=="
    },
    "kind-of": {
      "version": "5.1.0",
      "resolved": "https://registry.npmjs.org/kind-of/-/kind-of-5.1.0.tgz",
      "integrity": "sha512-NGEErnH6F2vUuXDh+OlbcKW7/wOcfdRHaZ7VWtqCztfHri/++YKmP51OdWeGPuqCOba6kk2OTe5d02VmTB80Pw=="
    },
    "lodash.get": {
      "version": "4.4.2",
      "resolved": "https://registry.npmjs.org/lodash.get/-/lodash.get-4.4.2.tgz",
      "integrity": "sha512-z+Uw/vLuy6gQe8cfaFWD7p0wVv8fJl3mbzXh33RS+0oW2wvUqiRXiQ69gLWSLpgB5/6sU+r6BlQR0MBILadqTQ=="
    },
    "log-symbols": {
      "version": "1.0.2",
      "resolved": "https://registry.npmjs.org/log-symbols/-/log-symbols-1.0.2.tgz",
      "integrity": "sha512-mmPrW0Fh2fxOzdBbFv4g1m6pR72haFLPJ2G5SJEELf1y+iaQrDG6cWCPjy54RHYbZAt7X+ls690Kw62AdWXBzQ==",
      "requires": {
        "chalk": "^1.0.0"
      }
    },
    "make-error": {
      "version": "1.3.6",
      "resolved": "https://registry.npmjs.org/make-error/-/make-error-1.3.6.tgz",
      "integrity": "sha512-s8UhlNe7vPKomQhC1qFelMokr/Sc3AgNbso3n74mVPA5LTZwkB9NlXf4XPamLxJE8h0gh73rM94xvwRT2CVInw=="
    },
    "mime-db": {
      "version": "1.52.0",
      "resolved": "https://registry.npmjs.org/mime-db/-/mime-db-1.52.0.tgz",
      "integrity": "sha512-sPU4uV7dYlvtWJxwwxHD0PuihVNiE7TyAbQ5SWxDCB9mUYvOgroQOwYQQOKPJ8CIbE+1ETVlOoK1UC2nU3gYvg=="
    },
    "mime-types": {
      "version": "2.1.35",
      "resolved": "https://registry.npmjs.org/mime-types/-/mime-types-2.1.35.tgz",
      "integrity": "sha512-ZDY+bPm5zTTF+YpCrAU9nK0UgICYPT0QtT1NZWFv4s++TNkcgVaT0g6+4R2uI4MjQjzysHB1zxuWL50hzaeXiw==",
      "requires": {
        "mime-db": "1.52.0"
      }
    },
    "minimist": {
      "version": "1.2.7",
      "resolved": "https://registry.npmjs.org/minimist/-/minimist-1.2.7.tgz",
      "integrity": "sha512-bzfL1YUZsP41gmu/qjrEk0Q6i2ix/cVeAhbCbqH9u3zYutS1cLg00qhrD0M2MVdCcx4Sc0UpP2eBWo9rotpq6g=="
    },
    "moment": {
      "version": "2.29.4",
      "resolved": "https://registry.npmjs.org/moment/-/moment-2.29.4.tgz",
      "integrity": "sha512-5LC9SOxjSc2HF6vO2CyuTDNivEdoz2IvyJJGj6X8DJ0eFyfszE0QiEd+iXmBvUP3WHxSjFH/vIsA0EN00cgr8w=="
    },
    "ndjson": {
      "version": "2.0.0",
      "resolved": "https://registry.npmjs.org/ndjson/-/ndjson-2.0.0.tgz",
      "integrity": "sha512-nGl7LRGrzugTtaFcJMhLbpzJM6XdivmbkdlaGcrk/LXg2KL/YBC6z1g70xh0/al+oFuVFP8N8kiWRucmeEH/qQ==",
      "requires": {
        "json-stringify-safe": "^5.0.1",
        "minimist": "^1.2.5",
        "readable-stream": "^3.6.0",
        "split2": "^3.0.0",
        "through2": "^4.0.0"
      },
      "dependencies": {
        "through2": {
          "version": "4.0.2",
          "resolved": "https://registry.npmjs.org/through2/-/through2-4.0.2.tgz",
          "integrity": "sha512-iOqSav00cVxEEICeD7TjLB1sueEL+81Wpzp2bY17uZjZN0pWZPuo4suZ/61VujxmqSGFfgOcNuTZ85QJwNZQpw==",
          "requires": {
            "readable-stream": "3"
          }
        }
      }
    },
    "once": {
      "version": "1.4.0",
      "resolved": "https://registry.npmjs.org/once/-/once-1.4.0.tgz",
      "integrity": "sha512-lNaJgI+2Q5URQBkccEKHTQOPaXdUxnZZElQTZY0MFUAuaEqe1E+Nyvgdz/aIyNi6Z9MzO5dv1H8n58/GELp3+w==",
      "requires": {
        "wrappy": "1"
      }
    },
    "promise-toolbox": {
      "version": "0.14.0",
      "resolved": "https://registry.npmjs.org/promise-toolbox/-/promise-toolbox-0.14.0.tgz",
      "integrity": "sha512-VV5lXK4lXaPB9oBO50ope1qd0AKN8N3nK14jYvV9/qFmfZW2Px/bJjPZBniGjXcIJf6J5Y/coNgJtPHDyiUV/g==",
      "requires": {
        "make-error": "^1.3.2"
      }
    },
    "proxy-from-env": {
      "version": "1.1.0",
      "resolved": "https://registry.npmjs.org/proxy-from-env/-/proxy-from-env-1.1.0.tgz",
      "integrity": "sha512-D+zkORCbA9f1tdWRK0RaCR3GPv50cMxcrz4X8k5LTSUD1Dkw47mKJEZQNunItRTkWwgtaUSo1RVFRIG9ZXiFYg=="
    },
    "pump": {
      "version": "3.0.0",
      "resolved": "https://registry.npmjs.org/pump/-/pump-3.0.0.tgz",
      "integrity": "sha512-LwZy+p3SFs1Pytd/jYct4wpv49HiYCqd9Rlc5ZVdk0V+8Yzv6jR5Blk3TRmPL1ft69TxP0IMZGJ+WPFU2BFhww==",
      "requires": {
        "end-of-stream": "^1.1.0",
        "once": "^1.3.1"
      }
    },
    "pumpify": {
      "version": "2.0.1",
      "resolved": "https://registry.npmjs.org/pumpify/-/pumpify-2.0.1.tgz",
      "integrity": "sha512-m7KOje7jZxrmutanlkS1daj1dS6z6BgslzOXmcSEpIlCxM3VJH7lG5QLeck/6hgF6F4crFf01UtQmNsJfweTAw==",
      "requires": {
        "duplexify": "^4.1.1",
        "inherits": "^2.0.3",
        "pump": "^3.0.0"
      }
    },
    "readable-stream": {
      "version": "3.6.0",
      "resolved": "https://registry.npmjs.org/readable-stream/-/readable-stream-3.6.0.tgz",
      "integrity": "sha512-BViHy7LKeTz4oNnkcLJ+lVSL6vpiFeX6/d3oSH8zCW7UxP2onchk+vTGB143xuFjHS3deTgkKoXXymXqymiIdA==",
      "requires": {
        "inherits": "^2.0.3",
        "string_decoder": "^1.1.1",
        "util-deprecate": "^1.0.1"
      }
    },
    "safe-buffer": {
      "version": "5.2.1",
      "resolved": "https://registry.npmjs.org/safe-buffer/-/safe-buffer-5.2.1.tgz",
      "integrity": "sha512-rp3So07KcdmmKbGvgaNxQSJr7bGVSVk5S9Eq1F+ppbRo70+YeaDxkw5Dd8NPN+GD6bjnYm2VuPuCXmpuYvmCXQ=="
    },
    "split2": {
      "version": "3.2.2",
      "resolved": "https://registry.npmjs.org/split2/-/split2-3.2.2.tgz",
      "integrity": "sha512-9NThjpgZnifTkJpzTZ7Eue85S49QwpNhZTq6GRJwObb6jnLFNGB7Qm73V5HewTROPyxD0C29xqmaI68bQtV+hg==",
      "requires": {
        "readable-stream": "^3.0.0"
      }
    },
    "stream-shift": {
      "version": "1.0.1",
      "resolved": "https://registry.npmjs.org/stream-shift/-/stream-shift-1.0.1.tgz",
      "integrity": "sha512-AiisoFqQ0vbGcZgQPY1cdP2I76glaVA/RauYR4G4thNFgkTqr90yXTo4LYX60Jl+sIlPNHHdGSwo01AvbKUSVQ=="
    },
    "string_decoder": {
      "version": "1.3.0",
      "resolved": "https://registry.npmjs.org/string_decoder/-/string_decoder-1.3.0.tgz",
      "integrity": "sha512-hkRX8U1WjJFd8LsDJ2yQ/wWWxaopEsABU1XfkM8A+j0+85JAGppt16cr1Whg6KIbb4okU6Mql6BOj+uup/wKeA==",
      "requires": {
        "safe-buffer": "~5.2.0"
      }
    },
    "strip-ansi": {
      "version": "3.0.1",
      "resolved": "https://registry.npmjs.org/strip-ansi/-/strip-ansi-3.0.1.tgz",
      "integrity": "sha512-VhumSSbBqDTP8p2ZLKj40UjBCV4+v8bUSEpUb4KjRgWk9pbqGF4REFj6KEagidb2f/M6AzC0EmFyDNGaw9OCzg==",
      "requires": {
        "ansi-regex": "^2.0.0"
      }
    },
    "strip-bom-buf": {
      "version": "2.0.0",
      "resolved": "https://registry.npmjs.org/strip-bom-buf/-/strip-bom-buf-2.0.0.tgz",
      "integrity": "sha512-gLFNHucd6gzb8jMsl5QmZ3QgnUJmp7qn4uUSHNwEXumAp7YizoGYw19ZUVfuq4aBOQUtyn2k8X/CwzWB73W2lQ==",
      "requires": {
        "is-utf8": "^0.2.1"
      }
    },
    "strip-bom-stream": {
      "version": "4.0.0",
      "resolved": "https://registry.npmjs.org/strip-bom-stream/-/strip-bom-stream-4.0.0.tgz",
      "integrity": "sha512-0ApK3iAkHv6WbgLICw/J4nhwHeDZsBxIIsOD+gHgZICL6SeJ0S9f/WZqemka9cjkTyMN5geId6e8U5WGFAn3cQ==",
      "requires": {
        "first-chunk-stream": "^3.0.0",
        "strip-bom-buf": "^2.0.0"
      }
    },
    "supports-color": {
      "version": "2.0.0",
      "resolved": "https://registry.npmjs.org/supports-color/-/supports-color-2.0.0.tgz",
      "integrity": "sha512-KKNVtd6pCYgPIKU4cp2733HWYCpplQhddZLBUryaAHou723x+FRzQ5Df824Fj+IyyuiQTRoub4SnIFfIcrp70g=="
    },
    "through2": {
      "version": "3.0.2",
      "resolved": "https://registry.npmjs.org/through2/-/through2-3.0.2.tgz",
      "integrity": "sha512-enaDQ4MUyP2W6ZyT6EsMzqBPZaM/avg8iuo+l2d3QCs0J+6RaqkHV/2/lOwDTueBHeJ/2LG9lrLW3d5rWPucuQ==",
      "requires": {
        "inherits": "^2.0.4",
        "readable-stream": "2 || 3"
      }
    },
    "typescript": {
      "version": "4.8.4",
      "resolved": "https://registry.npmjs.org/typescript/-/typescript-4.8.4.tgz",
      "integrity": "sha512-QCh+85mCy+h0IGff8r5XWzOVSbBO+KfeYrMQh7NJ58QujwcE22u+NUSmUxqF+un70P9GXKxa2HCNiTTMJknyjQ==",
      "dev": true
    },
    "util-deprecate": {
      "version": "1.0.2",
      "resolved": "https://registry.npmjs.org/util-deprecate/-/util-deprecate-1.0.2.tgz",
      "integrity": "sha512-EPD5q1uXyFxJpCrLnCc1nHnq3gOa6DZBocAIiI2TaSCA7VCJ1UJDMagCzIkXNsUYfD1daK//LTEQ8xiIbrHtcw=="
    },
    "wrappy": {
      "version": "1.0.2",
      "resolved": "https://registry.npmjs.org/wrappy/-/wrappy-1.0.2.tgz",
      "integrity": "sha512-l4Sp/DRseor9wL6EvV2+TuQn63dMkPjZ/sp9XkghTEbV9KlPS1xUsZ3u7/IQO4wxtcFB4bgpQPRcR3QCvezPcQ=="
    }
  }
}
